<?xml version="1.0" encoding="utf-8"?>
<Project ToolsVersion="4.0" xmlns="http://schemas.microsoft.com/developer/msbuild/2003">
  <ItemGroup>
    <Filter Include="Source Files">
      <UniqueIdentifier>{4FC737F1-C7A5-4376-A066-2A32D752A2FF}</UniqueIdentifier>
      <Extensions>cpp;c;cc;cxx;def;odl;idl;hpj;bat;asm;asmx</Extensions>
    </Filter>
    <Filter Include="Header Files">
      <UniqueIdentifier>{93995380-89BD-4b04-88EB-625FBE52EBFB}</UniqueIdentifier>
      <Extensions>h;hpp;hxx;hm;inl;inc;xsd</Extensions>
    </Filter>
    <Filter Include="Resource Files">
      <UniqueIdentifier>{67DA6AB6-F800-4c08-8B7A-83BB121AAD01}</UniqueIdentifier>
      <Extensions>rc;ico;cur;bmp;dlg;rc2;rct;bin;rgs;gif;jpg;jpeg;jpe;resx;tiff;tif;png;wav;mfcribbon-ms</Extensions>
    </Filter>
  </ItemGroup>
  <ItemGroup>
    <ClInclude Include="R3.h">
      <Filter>Header Files</Filter>
    </ClInclude>
    <ClInclude Include="R3Point.h">
      <Filter>Header Files</Filter>
    </ClInclude>
    <ClInclude Include="R3Vector.h">
      <Filter>Header Files</Filter>
    </ClInclude>
    <ClInclude Include="R3Line.h">
      <Filter>Header Files</Filter>
    </ClInclude>
    <ClInclude Include="R3Ray.h">
      <Filter>Header Files</Filter>
    </ClInclude>
    <ClInclude Include="R3Segment.h">
      <Filter>Header Files</Filter>
    </ClInclude>
    <ClInclude Include="R3Plane.h">
      <Filter>Header Files</Filter>
    </ClInclude>
    <ClInclude Include="R3Circle.h">
      <Filter>Header Files</Filter>
    </ClInclude>
    <ClInclude Include="R3Box.h">
      <Filter>Header Files</Filter>
    </ClInclude>
    <ClInclude Include="R3Sphere.h">
      <Filter>Header Files</Filter>
    </ClInclude>
    <ClInclude Include="R3Cone.h">
      <Filter>Header Files</Filter>
    </ClInclude>
    <ClInclude Include="R3Cylinder.h">
      <Filter>Header Files</Filter>
    </ClInclude>
    <ClInclude Include="R3Mesh.h">
      <Filter>Header Files</Filter>
    </ClInclude>
    <ClInclude Include="R3Matrix.h">
      <Filter>Header Files</Filter>
    </ClInclude>
    <ClInclude Include="R3Distance.h">
      <Filter>Header Files</Filter>
    </ClInclude>
  </ItemGroup>
  <ItemGroup>
    <ClCompile Include="R3Point.cpp">
      <Filter>Source Files</Filter>
    </ClCompile>
    <ClCompile Include="R3Vector.cpp">
      <Filter>Source Files</Filter>
    </ClCompile>
    <ClCompile Include="R3Line.cpp">
      <Filter>Source Files</Filter>
    </ClCompile>
    <ClCompile Include="R3Ray.cpp">
      <Filter>Source Files</Filter>
    </ClCompile>
    <ClCompile Include="R3Segment.cpp">
      <Filter>Source Files</Filter>
    </ClCompile>
    <ClCompile Include="R3Plane.cpp">
      <Filter>Source Files</Filter>
    </ClCompile>
    <ClCompile Include="R3Circle.cpp">
      <Filter>Source Files</Filter>
    </ClCompile>
    <ClCompile Include="R3Box.cpp">
      <Filter>Source Files</Filter>
    </ClCompile>
    <ClCompile Include="R3Sphere.cpp">
      <Filter>Source Files</Filter>
    </ClCompile>
    <ClCompile Include="R3Cylinder.cpp">
      <Filter>Source Files</Filter>
    </ClCompile>
    <ClCompile Include="R3Cone.cpp">
      <Filter>Source Files</Filter>
    </ClCompile>
    <ClCompile Include="R3Mesh.cpp">
      <Filter>Source Files</Filter>
    </ClCompile>
    <ClCompile Include="R3Matrix.cpp">
      <Filter>Source Files</Filter>
    </ClCompile>
    <ClCompile Include="R3Distance.cpp">
      <Filter>Source Files</Filter>
    </ClCompile>
  </ItemGroup>
</Project>